
Microsoft Visual Studio Solution File, Format Version 12.00
# Visual Studio Version 17
VisualStudioVersion = 17.3.32901.215
MinimumVisualStudioVersion = 10.0.40219.1
Project("{FAE04EC0-301F-11D3-BF4B-00C04F79EFBC}") = "MOneWebApi", "MOneWebApi\MOneWebApi.csproj", "{A9A42AE9-9F7B-4AAE-AC9A-E6326B258601}"
EndProject
Project("{FAE04EC0-301F-11D3-BF4B-00C04F79EFBC}") = "MOneDbContext", "MOneDbContext\MOneDbContext.csproj", "{A3917B5D-0176-4845-B788-FBC26AC53CE0}"
EndProject
Global
	GlobalSection(SolutionConfigurationPlatforms) = preSolution
		Debug|Any CPU = Debug|Any CPU
		Release|Any CPU = Release|Any CPU
	EndGlobalSection
	GlobalSection(ProjectConfigurationPlatforms) = postSolution
		{A9A42AE9-9F7B-4AAE-AC9A-E6326B258601}.Debug|Any CPU.ActiveCfg = Debug|Any CPU
		{A9A42AE9-9F7B-4AAE-AC9A-E6326B258601}.Debug|Any CPU.Build.0 = Debug|Any CPU
		{A9A42AE9-9F7B-4AAE-AC9A-E6326B258601}.Release|Any CPU.ActiveCfg = Release|Any CPU
		{A9A42AE9-9F7B-4AAE-AC9A-E6326B258601}.Release|Any CPU.Build.0 = Release|Any CPU
		{A3917B5D-0176-4845-B788-FBC26AC53CE0}.Debug|Any CPU.ActiveCfg = Debug|Any CPU
		{A3917B5D-0176-4845-B788-FBC26AC53CE0}.Debug|Any CPU.Build.0 = Debug|Any CPU
		{A3917B5D-0176-4845-B788-FBC26AC53CE0}.Release|Any CPU.ActiveCfg = Release|Any CPU
		{A3917B5D-0176-4845-B788-FBC26AC53CE0}.Release|Any CPU.Build.0 = Release|Any CPU
	EndGlobalSection
	GlobalSection(SolutionProperties) = preSolution
		HideSolutionNode = FALSE
	EndGlobalSection
	GlobalSection(ExtensibilityGlobals) = postSolution
		SolutionGuid = {919A5FDB-A42F-46B4-BBEA-D8B04ADC374E}
	EndGlobalSection
EndGlobal
